
Microsoft Visual Studio Solution File, Format Version 12.00
# Visual Studio Version 17
VisualStudioVersion = 17.0.31903.59
MinimumVisualStudioVersion = 10.0.40219.1
Project("{FAE04EC0-301F-11D3-BF4B-00C04F79EFBC}") = "args.console", "args.console\args.console.csproj", "{04EA24B8-A4BC-4623-9DE9-FFE80262A6DE}"
EndProject
Project("{FAE04EC0-301F-11D3-BF4B-00C04F79EFBC}") = "args.test", "args.test\args.test.csproj", "{72A66D70-7AC3-43E7-9E2F-4322F233438A}"
EndProject
Project("{FAE04EC0-301F-11D3-BF4B-00C04F79EFBC}") = "args.generator", "args.generator\args.generator.csproj", "{DE0431D4-A207-447A-B688-90597AD30B8E}"
EndProject
Global
	GlobalSection(SolutionConfigurationPlatforms) = preSolution
		Debug|Any CPU = Debug|Any CPU
		Release|Any CPU = Release|Any CPU
	EndGlobalSection
	GlobalSection(SolutionProperties) = preSolution
		HideSolutionNode = FALSE
	EndGlobalSection
	GlobalSection(ProjectConfigurationPlatforms) = postSolution
		{04EA24B8-A4BC-4623-9DE9-FFE80262A6DE}.Debug|Any CPU.ActiveCfg = Debug|Any CPU
		{04EA24B8-A4BC-4623-9DE9-FFE80262A6DE}.Debug|Any CPU.Build.0 = Debug|Any CPU
		{04EA24B8-A4BC-4623-9DE9-FFE80262A6DE}.Release|Any CPU.ActiveCfg = Release|Any CPU
		{04EA24B8-A4BC-4623-9DE9-FFE80262A6DE}.Release|Any CPU.Build.0 = Release|Any CPU
		{72A66D70-7AC3-43E7-9E2F-4322F233438A}.Debug|Any CPU.ActiveCfg = Debug|Any CPU
		{72A66D70-7AC3-43E7-9E2F-4322F233438A}.Debug|Any CPU.Build.0 = Debug|Any CPU
		{72A66D70-7AC3-43E7-9E2F-4322F233438A}.Release|Any CPU.ActiveCfg = Release|Any CPU
		{72A66D70-7AC3-43E7-9E2F-4322F233438A}.Release|Any CPU.Build.0 = Release|Any CPU
		{DE0431D4-A207-447A-B688-90597AD30B8E}.Debug|Any CPU.ActiveCfg = Debug|Any CPU
		{DE0431D4-A207-447A-B688-90597AD30B8E}.Debug|Any CPU.Build.0 = Debug|Any CPU
		{DE0431D4-A207-447A-B688-90597AD30B8E}.Release|Any CPU.ActiveCfg = Release|Any CPU
		{DE0431D4-A207-447A-B688-90597AD30B8E}.Release|Any CPU.Build.0 = Release|Any CPU
	EndGlobalSection
EndGlobal
